
Microsoft Visual Studio Solution File, Format Version 12.00
# Visual Studio Version 17
VisualStudioVersion = 17.3.32825.248
MinimumVisualStudioVersion = 10.0.40219.1
Project("{FAE04EC0-301F-11D3-BF4B-00C04F79EFBC}") = "LeaveManagement", "LeaveManagement.csproj", "{307620BB-54EF-407E-8353-B8C1920DB8DC}"
EndProject
Global
	GlobalSection(SolutionConfigurationPlatforms) = preSolution
		Debug|Any CPU = Debug|Any CPU
		Release|Any CPU = Release|Any CPU
	EndGlobalSection
	GlobalSection(ProjectConfigurationPlatforms) = postSolution
		{307620BB-54EF-407E-8353-B8C1920DB8DC}.Debug|Any CPU.ActiveCfg = Debug|Any CPU
		{307620BB-54EF-407E-8353-B8C1920DB8DC}.Debug|Any CPU.Build.0 = Debug|Any CPU
		{307620BB-54EF-407E-8353-B8C1920DB8DC}.Release|Any CPU.ActiveCfg = Release|Any CPU
		{307620BB-54EF-407E-8353-B8C1920DB8DC}.Release|Any CPU.Build.0 = Release|Any CPU
	EndGlobalSection
	GlobalSection(SolutionProperties) = preSolution
		HideSolutionNode = FALSE
	EndGlobalSection
	GlobalSection(ExtensibilityGlobals) = postSolution
		SolutionGuid = {E64367CB-839A-47A8-A8F1-3A4C3900BE5E}
	EndGlobalSection
EndGlobal
